Microsoft Visual Studio Solution File, Format Version 12.00
# Visual Studio 15
VisualStudioVersion = 15.0.26430.12
MinimumVisualStudioVersion = 15.0.26124.0
Project("{2150E333-8FDC-42A3-9474-1A3956D46DE8}") = "Source", "Source", "{452391FA-1E19-4F91-8272-7EB7BC1F9EA0}"
EndProject
Project("{FAE04EC0-301F-11D3-BF4B-00C04F79EFBC}") = "Domain", "Source\Domain\Domain.csproj", "{5D8D280E-CCD0-4845-9E33-5C3BF0B491ED}"
EndProject
Project("{FAE04EC0-301F-11D3-BF4B-00C04F79EFBC}") = "Concepts", "Source\Concepts\Concepts.csproj", "{678D3DFD-D127-4A61-A2EA-743456C6F978}"
EndProject
Project("{FAE04EC0-301F-11D3-BF4B-00C04F79EFBC}") = "Read", "Source\Read\Read.csproj", "{649E5780-D2B0-4B77-89B5-DCB39CAF314D}"
EndProject
Project("{FAE04EC0-301F-11D3-BF4B-00C04F79EFBC}") = "Events", "Source\Events\Events.csproj", "{4C4A2479-4EBB-4C95-ACFD-CEB8B6584905}"
EndProject
Project("{FAE04EC0-301F-11D3-BF4B-00C04F79EFBC}") = "Web", "Source\Web\Web.csproj", "{FCD2115A-DB14-4F95-B598-C4ED76032686}"
EndProject
Global
	GlobalSection(SolutionConfigurationPlatforms) = preSolution
		Debug|Any CPU = Debug|Any CPU
		Debug|x64 = Debug|x64
		Debug|x86 = Debug|x86
		Release|Any CPU = Release|Any CPU
		Release|x64 = Release|x64
		Release|x86 = Release|x86
	EndGlobalSection
	GlobalSection(ProjectConfigurationPlatforms) = postSolution
		{5D8D280E-CCD0-4845-9E33-5C3BF0B491ED}.Debug|Any CPU.ActiveCfg = Debug|Any CPU
		{5D8D280E-CCD0-4845-9E33-5C3BF0B491ED}.Debug|Any CPU.Build.0 = Debug|Any CPU
		{5D8D280E-CCD0-4845-9E33-5C3BF0B491ED}.Debug|x64.ActiveCfg = Debug|Any CPU
		{5D8D280E-CCD0-4845-9E33-5C3BF0B491ED}.Debug|x64.Build.0 = Debug|Any CPU
		{5D8D280E-CCD0-4845-9E33-5C3BF0B491ED}.Debug|x86.ActiveCfg = Debug|Any CPU
		{5D8D280E-CCD0-4845-9E33-5C3BF0B491ED}.Debug|x86.Build.0 = Debug|Any CPU
		{5D8D280E-CCD0-4845-9E33-5C3BF0B491ED}.Release|Any CPU.ActiveCfg = Release|Any CPU
		{5D8D280E-CCD0-4845-9E33-5C3BF0B491ED}.Release|Any CPU.Build.0 = Release|Any CPU
		{5D8D280E-CCD0-4845-9E33-5C3BF0B491ED}.Release|x64.ActiveCfg = Release|Any CPU
		{5D8D280E-CCD0-4845-9E33-5C3BF0B491ED}.Release|x64.Build.0 = Release|Any CPU
		{5D8D280E-CCD0-4845-9E33-5C3BF0B491ED}.Release|x86.ActiveCfg = Release|Any CPU
		{5D8D280E-CCD0-4845-9E33-5C3BF0B491ED}.Release|x86.Build.0 = Release|Any CPU
		{678D3DFD-D127-4A61-A2EA-743456C6F978}.Debug|Any CPU.ActiveCfg = Debug|Any CPU
		{678D3DFD-D127-4A61-A2EA-743456C6F978}.Debug|Any CPU.Build.0 = Debug|Any CPU
		{678D3DFD-D127-4A61-A2EA-743456C6F978}.Debug|x64.ActiveCfg = Debug|Any CPU
		{678D3DFD-D127-4A61-A2EA-743456C6F978}.Debug|x64.Build.0 = Debug|Any CPU
		{678D3DFD-D127-4A61-A2EA-743456C6F978}.Debug|x86.ActiveCfg = Debug|Any CPU
		{678D3DFD-D127-4A61-A2EA-743456C6F978}.Debug|x86.Build.0 = Debug|Any CPU
		{678D3DFD-D127-4A61-A2EA-743456C6F978}.Release|Any CPU.ActiveCfg = Release|Any CPU
		{678D3DFD-D127-4A61-A2EA-743456C6F978}.Release|Any CPU.Build.0 = Release|Any CPU
		{678D3DFD-D127-4A61-A2EA-743456C6F978}.Release|x64.ActiveCfg = Release|Any CPU
		{678D3DFD-D127-4A61-A2EA-743456C6F978}.Release|x64.Build.0 = Release|Any CPU
		{678D3DFD-D127-4A61-A2EA-743456C6F978}.Release|x86.ActiveCfg = Release|Any CPU
		{678D3DFD-D127-4A61-A2EA-743456C6F978}.Release|x86.Build.0 = Release|Any CPU
		{649E5780-D2B0-4B77-89B5-DCB39CAF314D}.Debug|Any CPU.ActiveCfg = Debug|Any CPU
		{649E5780-D2B0-4B77-89B5-DCB39CAF314D}.Debug|Any CPU.Build.0 = Debug|Any CPU
		{649E5780-D2B0-4B77-89B5-DCB39CAF314D}.Debug|x64.ActiveCfg = Debug|Any CPU
		{649E5780-D2B0-4B77-89B5-DCB39CAF314D}.Debug|x64.Build.0 = Debug|Any CPU
		{649E5780-D2B0-4B77-89B5-DCB39CAF314D}.Debug|x86.ActiveCfg = Debug|Any CPU
		{649E5780-D2B0-4B77-89B5-DCB39CAF314D}.Debug|x86.Build.0 = Debug|Any CPU
		{649E5780-D2B0-4B77-89B5-DCB39CAF314D}.Release|Any CPU.ActiveCfg = Release|Any CPU
		{649E5780-D2B0-4B77-89B5-DCB39CAF314D}.Release|Any CPU.Build.0 = Release|Any CPU
		{649E5780-D2B0-4B77-89B5-DCB39CAF314D}.Release|x64.ActiveCfg = Release|Any CPU
		{649E5780-D2B0-4B77-89B5-DCB39CAF314D}.Release|x64.Build.0 = Release|Any CPU
		{649E5780-D2B0-4B77-89B5-DCB39CAF314D}.Release|x86.ActiveCfg = Release|Any CPU
		{649E5780-D2B0-4B77-89B5-DCB39CAF314D}.Release|x86.Build.0 = Release|Any CPU
		{4C4A2479-4EBB-4C95-ACFD-CEB8B6584905}.Debug|Any CPU.ActiveCfg = Debug|Any CPU
		{4C4A2479-4EBB-4C95-ACFD-CEB8B6584905}.Debug|Any CPU.Build.0 = Debug|Any CPU
		{4C4A2479-4EBB-4C95-ACFD-CEB8B6584905}.Debug|x64.ActiveCfg = Debug|Any CPU
		{4C4A2479-4EBB-4C95-ACFD-CEB8B6584905}.Debug|x64.Build.0 = Debug|Any CPU
		{4C4A2479-4EBB-4C95-ACFD-CEB8B6584905}.Debug|x86.ActiveCfg = Debug|Any CPU
		{4C4A2479-4EBB-4C95-ACFD-CEB8B6584905}.Debug|x86.Build.0 = Debug|Any CPU
		{4C4A2479-4EBB-4C95-ACFD-CEB8B6584905}.Release|Any CPU.ActiveCfg = Release|Any CPU
		{4C4A2479-4EBB-4C95-ACFD-CEB8B6584905}.Release|Any CPU.Build.0 = Release|Any CPU
		{4C4A2479-4EBB-4C95-ACFD-CEB8B6584905}.Release|x64.ActiveCfg = Release|Any CPU
		{4C4A2479-4EBB-4C95-ACFD-CEB8B6584905}.Release|x64.Build.0 = Release|Any CPU
		{4C4A2479-4EBB-4C95-ACFD-CEB8B6584905}.Release|x86.ActiveCfg = Release|Any CPU
		{4C4A2479-4EBB-4C95-ACFD-CEB8B6584905}.Release|x86.Build.0 = Release|Any CPU
		{FCD2115A-DB14-4F95-B598-C4ED76032686}.Debug|Any CPU.ActiveCfg = Debug|Any CPU
		{FCD2115A-DB14-4F95-B598-C4ED76032686}.Debug|Any CPU.Build.0 = Debug|Any CPU
		{FCD2115A-DB14-4F95-B598-C4ED76032686}.Debug|x64.ActiveCfg = Debug|Any CPU
		{FCD2115A-DB14-4F95-B598-C4ED76032686}.Debug|x64.Build.0 = Debug|Any CPU
		{FCD2115A-DB14-4F95-B598-C4ED76032686}.Debug|x86.ActiveCfg = Debug|Any CPU
		{FCD2115A-DB14-4F95-B598-C4ED76032686}.Debug|x86.Build.0 = Debug|Any CPU
		{FCD2115A-DB14-4F95-B598-C4ED76032686}.Release|Any CPU.ActiveCfg = Release|Any CPU
		{FCD2115A-DB14-4F95-B598-C4ED76032686}.Release|Any CPU.Build.0 = Release|Any CPU
		{FCD2115A-DB14-4F95-B598-C4ED76032686}.Release|x64.ActiveCfg = Release|Any CPU
		{FCD2115A-DB14-4F95-B598-C4ED76032686}.Release|x64.Build.0 = Release|Any CPU
		{FCD2115A-DB14-4F95-B598-C4ED76032686}.Release|x86.ActiveCfg = Release|Any CPU
		{FCD2115A-DB14-4F95-B598-C4ED76032686}.Release|x86.Build.0 = Release|Any CPU
	EndGlobalSection
	GlobalSection(SolutionProperties) = preSolution
		HideSolutionNode = FALSE
	EndGlobalSection
	GlobalSection(NestedProjects) = preSolution
		{5D8D280E-CCD0-4845-9E33-5C3BF0B491ED} = {452391FA-1E19-4F91-8272-7EB7BC1F9EA0}
		{678D3DFD-D127-4A61-A2EA-743456C6F978} = {452391FA-1E19-4F91-8272-7EB7BC1F9EA0}
		{649E5780-D2B0-4B77-89B5-DCB39CAF314D} = {452391FA-1E19-4F91-8272-7EB7BC1F9EA0}
		{4C4A2479-4EBB-4C95-ACFD-CEB8B6584905} = {452391FA-1E19-4F91-8272-7EB7BC1F9EA0}
		{FCD2115A-DB14-4F95-B598-C4ED76032686} = {452391FA-1E19-4F91-8272-7EB7BC1F9EA0}
	EndGlobalSection
EndGlobal
